
Microsoft Visual Studio Solution File, Format Version 12.00
# Visual Studio Version 16
VisualStudioVersion = 16.0.30711.63
MinimumVisualStudioVersion = 10.0.40219.1
Project("{FAE04EC0-301F-11D3-BF4B-00C04F79EFBC}") = "Level6GitHubExample", "Level6GitHubExample\Level6GitHubExample.csproj", "{80BCCFF4-D9E3-4B8F-946F-700C7F2A3404}"
EndProject
Global
	GlobalSection(SolutionConfigurationPlatforms) = preSolution
		Debug|Any CPU = Debug|Any CPU
		Release|Any CPU = Release|Any CPU
	EndGlobalSection
	GlobalSection(ProjectConfigurationPlatforms) = postSolution
		{80BCCFF4-D9E3-4B8F-946F-700C7F2A3404}.Debug|Any CPU.ActiveCfg = Debug|Any CPU
		{80BCCFF4-D9E3-4B8F-946F-700C7F2A3404}.Debug|Any CPU.Build.0 = Debug|Any CPU
		{80BCCFF4-D9E3-4B8F-946F-700C7F2A3404}.Release|Any CPU.ActiveCfg = Release|Any CPU
		{80BCCFF4-D9E3-4B8F-946F-700C7F2A3404}.Release|Any CPU.Build.0 = Release|Any CPU
	EndGlobalSection
	GlobalSection(SolutionProperties) = preSolution
		HideSolutionNode = FALSE
	EndGlobalSection
	GlobalSection(ExtensibilityGlobals) = postSolution
		SolutionGuid = {A3C7C531-7AC9-48B1-BDA1-93ED9EDD9D11}
	EndGlobalSection
EndGlobal
